
Microsoft Visual Studio Solution File, Format Version 12.00
# Visual Studio Version 16
VisualStudioVersion = 16.0.28803.156
MinimumVisualStudioVersion = 10.0.40219.1
Project("{8BC9CEB8-8B4A-11D0-8D11-00A0C91BC942}") = "Archer", "Archer\Archer.vcxproj", "{0FEA28D0-FA3F-4622-8B78-6094258897D5}"
EndProject
Global
	GlobalSection(SolutionConfigurationPlatforms) = preSolution
		Debug|x64 = Debug|x64
		Debug|x86 = Debug|x86
		Release|x64 = Release|x64
		Release|x86 = Release|x86
	EndGlobalSection
	GlobalSection(ProjectConfigurationPlatforms) = postSolution
		{0FEA28D0-FA3F-4622-8B78-6094258897D5}.Debug|x64.ActiveCfg = Debug|x64
		{0FEA28D0-FA3F-4622-8B78-6094258897D5}.Debug|x64.Build.0 = Debug|x64
		{0FEA28D0-FA3F-4622-8B78-6094258897D5}.Debug|x86.ActiveCfg = Debug|Win32
		{0FEA28D0-FA3F-4622-8B78-6094258897D5}.Debug|x86.Build.0 = Debug|Win32
		{0FEA28D0-FA3F-4622-8B78-6094258897D5}.Release|x64.ActiveCfg = Release|x64
		{0FEA28D0-FA3F-4622-8B78-6094258897D5}.Release|x64.Build.0 = Release|x64
		{0FEA28D0-FA3F-4622-8B78-6094258897D5}.Release|x86.ActiveCfg = Release|Win32
		{0FEA28D0-FA3F-4622-8B78-6094258897D5}.Release|x86.Build.0 = Release|Win32
	EndGlobalSection
	GlobalSection(SolutionProperties) = preSolution
		HideSolutionNode = FALSE
	EndGlobalSection
	GlobalSection(ExtensibilityGlobals) = postSolution
		SolutionGuid = {E8CDB20F-40E4-4495-B88E-7FDD23F403E8}
	EndGlobalSection
EndGlobal
